
Microsoft Visual Studio Solution File, Format Version 12.00
# Visual Studio Version 17
VisualStudioVersion = 17.10.35027.167
MinimumVisualStudioVersion = 10.0.40219.1
Project("{FAE04EC0-301F-11D3-BF4B-00C04F79EFBC}") = "ICE1", "ICE1\ICE1.csproj", "{A2252042-D760-4CF5-AC2C-A3DFACEA8D10}"
EndProject
Global
	GlobalSection(SolutionConfigurationPlatforms) = preSolution
		Debug|Any CPU = Debug|Any CPU
		Release|Any CPU = Release|Any CPU
	EndGlobalSection
	GlobalSection(ProjectConfigurationPlatforms) = postSolution
		{A2252042-D760-4CF5-AC2C-A3DFACEA8D10}.Debug|Any CPU.ActiveCfg = Debug|Any CPU
		{A2252042-D760-4CF5-AC2C-A3DFACEA8D10}.Debug|Any CPU.Build.0 = Debug|Any CPU
		{A2252042-D760-4CF5-AC2C-A3DFACEA8D10}.Release|Any CPU.ActiveCfg = Release|Any CPU
		{A2252042-D760-4CF5-AC2C-A3DFACEA8D10}.Release|Any CPU.Build.0 = Release|Any CPU
	EndGlobalSection
	GlobalSection(SolutionProperties) = preSolution
		HideSolutionNode = FALSE
	EndGlobalSection
	GlobalSection(ExtensibilityGlobals) = postSolution
		SolutionGuid = {7BDFACA6-4C98-45BC-9897-1EFD34274CBC}
	EndGlobalSection
EndGlobal
